// !$*UTF8*$!
{
	archiveVersion = 1;
	classes = {
	};
	objectVersion = 48;
	objects = {

/* Begin PBXBuildFile section */
		57D7DA63200A41C8005C215B /* AppDelegate.swift in Sources */ = {isa = PBXBuildFile; fileRef = 57D7DA62200A41C8005C215B /* AppDelegate.swift */; };
		57D7DA65200A41C8005C215B /* Assets.xcassets in Resources */ = {isa = PBXBuildFile; fileRef = 57D7DA64200A41C8005C215B /* Assets.xcassets */; };
		57D7DA68200A41C8005C215B /* MainMenu.xib in Resources */ = {isa = PBXBuildFile; fileRef = 57D7DA66200A41C8005C215B /* MainMenu.xib */; };
		57D7DA74200A41C8005C215B /* FriendsTests.swift in Sources */ = {isa = PBXBuildFile; fileRef = 57D7DA73200A41C8005C215B /* FriendsTests.swift */; };
		57D7DA7F200A41C8005C215B /* FriendsUITests.swift in Sources */ = {isa = PBXBuildFile; fileRef = 57D7DA7E200A41C8005C215B /* FriendsUITests.swift */; };
/* End PBXBuildFile section */

/* Begin PBXContainerItemProxy section */
		57D7DA70200A41C8005C215B /* PBXContainerItemProxy */ = {
			isa = PBXContainerItemProxy;
			containerPortal = 57D7DA57200A41C8005C215B /* Project object */;
			proxyType = 1;
			remoteGlobalIDString = 57D7DA5E200A41C8005C215B;
			remoteInfo = Friends;
		};
		57D7DA7B200A41C8005C215B /* PBXContainerItemProxy */ = {
			isa = PBXContainerItemProxy;
			containerPortal = 57D7DA57200A41C8005C215B /* Project object */;
			proxyType = 1;
			remoteGlobalIDString = 57D7DA5E200A41C8005C215B;
			remoteInfo = Friends;
		};
/* End PBXContainerItemProxy section */

/* Begin PBXFileReference section */
		57D7DA5F200A41C8005C215B /* Friends.app */ = {isa = PBXFileReference; explicitFileType = wrapper.application; includeInIndex = 0; path = Friends.app; sourceTree = BUILT_PRODUCTS_DIR; };
		57D7DA62200A41C8005C215B /* AppDelegate.swift */ = {isa = PBXFileReference; lastKnownFileType = sourcecode.swift; path = AppDelegate.swift; sourceTree = "<group>"; };
		57D7DA64200A41C8005C215B /* Assets.xcassets */ = {isa = PBXFileReference; lastKnownFileType = folder.assetcatalog; path = Assets.xcassets; sourceTree = "<group>"; };
		57D7DA67200A41C8005C215B /* Base */ = {isa = PBXFileReference; lastKnownFileType = file.xib; name = Base; path = Base.lproj/MainMenu.xib; sourceTree = "<group>"; };
		57D7DA69200A41C8005C215B /* Info.plist */ = {isa = PBXFileReference; lastKnownFileType = text.plist.xml; path = Info.plist; sourceTree = "<group>"; };
		57D7DA6A200A41C8005C215B /* Friends.entitlements */ = {isa = PBXFileReference; lastKnownFileType = text.plist.entitlements; path = Friends.entitlements; sourceTree = "<group>"; };
		57D7DA6F200A41C8005C215B /* FriendsTests.xctest */ = {isa = PBXFileReference; explicitFileType = wrapper.cfbundle; includeInIndex = 0; path = FriendsTests.xctest; sourceTree = BUILT_PRODUCTS_DIR; };
		57D7DA73200A41C8005C215B /* FriendsTests.swift */ = {isa = PBXFileReference; lastKnownFileType = sourcecode.swift; path = FriendsTests.swift; sourceTree = "<group>"; };
		57D7DA75200A41C8005C215B /* Info.plist */ = {isa = PBXFileReference; lastKnownFileType = text.plist.xml; path = Info.plist; sourceTree = "<group>"; };
		57D7DA7A200A41C8005C215B /* FriendsUITests.xctest */ = {isa = PBXFileReference; explicitFileType = wrapper.cfbundle; includeInIndex = 0; path = FriendsUITests.xctest; sourceTree = BUILT_PRODUCTS_DIR; };
		57D7DA7E200A41C8005C215B /* FriendsUITests.swift */ = {isa = PBXFileReference; lastKnownFileType = sourcecode.swift; path = FriendsUITests.swift; sourceTree = "<group>"; };
		57D7DA80200A41C8005C215B /* Info.plist */ = {isa = PBXFileReference; lastKnownFileType = text.plist.xml; path = Info.plist; sourceTree = "<group>"; };
/* End PBXFileReference section */

/* Begin PBXFrameworksBuildPhase section */
		57D7DA5C200A41C8005C215B /* Frameworks */ = {
			isa = PBXFrameworksBuildPhase;
			buildActionMask = 2147483647;
			files = (
			);
			runOnlyForDeploymentPostprocessing = 0;
		};
		57D7DA6C200A41C8005C215B /* Frameworks */ = {
			isa = PBXFrameworksBuildPhase;
			buildActionMask = 2147483647;
			files = (
			);
			runOnlyForDeploymentPostprocessing = 0;
		};
		57D7DA77200A41C8005C215B /* Frameworks */ = {
			isa = PBXFrameworksBuildPhase;
			buildActionMask = 2147483647;
			files = (
			);
			runOnlyForDeploymentPostprocessing = 0;
		};
/* End PBXFrameworksBuildPhase section */

/* Begin PBXGroup section */
		57D7DA56200A41C8005C215B = {
			isa = PBXGroup;
			children = (
				57D7DA61200A41C8005C215B /* Friends */,
				57D7DA72200A41C8005C215B /* FriendsTests */,
				57D7DA7D200A41C8005C215B /* FriendsUITests */,
				57D7DA60200A41C8005C215B /* Products */,
			);
			sourceTree = "<group>";
		};
		57D7DA60200A41C8005C215B /* Products */ = {
			isa = PBXGroup;
			children = (
				57D7DA5F200A41C8005C215B /* Friends.app */,
				57D7DA6F200A41C8005C215B /* FriendsTests.xctest */,
				57D7DA7A200A41C8005C215B /* FriendsUITests.xctest */,
			);
			name = Products;
			sourceTree = "<group>";
		};
		57D7DA61200A41C8005C215B /* Friends */ = {
			isa = PBXGroup;
			children = (
				57D7DA62200A41C8005C215B /* AppDelegate.swift */,
				57D7DA64200A41C8005C215B /* Assets.xcassets */,
				57D7DA66200A41C8005C215B /* MainMenu.xib */,
				57D7DA69200A41C8005C215B /* Info.plist */,
				57D7DA6A200A41C8005C215B /* Friends.entitlements */,
			);
			path = Friends;
			sourceTree = "<group>";
		};
		57D7DA72200A41C8005C215B /* FriendsTests */ = {
			isa = PBXGroup;
			children = (
				57D7DA73200A41C8005C215B /* FriendsTests.swift */,
				57D7DA75200A41C8005C215B /* Info.plist */,
			);
			path = FriendsTests;
			sourceTree = "<group>";
		};
		57D7DA7D200A41C8005C215B /* FriendsUITests */ = {
			isa = PBXGroup;
			children = (
				57D7DA7E200A41C8005C215B /* FriendsUITests.swift */,
				57D7DA80200A41C8005C215B /* Info.plist */,
			);
			path = FriendsUITests;
			sourceTree = "<group>";
		};
/* End PBXGroup section */

/* Begin PBXNativeTarget section */
		57D7DA5E200A41C8005C215B /* Friends */ = {
			isa = PBXNativeTarget;
			buildConfigurationList = 57D7DA83200A41C8005C215B /* Build configuration list for PBXNativeTarget "Friends" */;
			buildPhases = (
				57D7DA5B200A41C8005C215B /* Sources */,
				57D7DA5C200A41C8005C215B /* Frameworks */,
				57D7DA5D200A41C8005C215B /* Resources */,
			);
			buildRules = (
			);
			dependencies = (
			);
			name = Friends;
			productName = Friends;
			productReference = 57D7DA5F200A41C8005C215B /* Friends.app */;
			productType = "com.apple.product-type.application";
		};
		57D7DA6E200A41C8005C215B /* FriendsTests */ = {
			isa = PBXNativeTarget;
			buildConfigurationList = 57D7DA86200A41C8005C215B /* Build configuration list for PBXNativeTarget "FriendsTests" */;
			buildPhases = (
				57D7DA6B200A41C8005C215B /* Sources */,
				57D7DA6C200A41C8005C215B /* Frameworks */,
				57D7DA6D200A41C8005C215B /* Resources */,
			);
			buildRules = (
			);
			dependencies = (
				57D7DA71200A41C8005C215B /* PBXTargetDependency */,
			);
			name = FriendsTests;
			productName = FriendsTests;
			productReference = 57D7DA6F200A41C8005C215B /* FriendsTests.xctest */;
			productType = "com.apple.product-type.bundle.unit-test";
		};
		57D7DA79200A41C8005C215B /* FriendsUITests */ = {
			isa = PBXNativeTarget;
			buildConfigurationList = 57D7DA89200A41C8005C215B /* Build configuration list for PBXNativeTarget "FriendsUITests" */;
			buildPhases = (
				57D7DA76200A41C8005C215B /* Sources */,
				57D7DA77200A41C8005C215B /* Frameworks */,
				57D7DA78200A41C8005C215B /* Resources */,
			);
			buildRules = (
			);
			dependencies = (
				57D7DA7C200A41C8005C215B /* PBXTargetDependency */,
			);
			name = FriendsUITests;
			productName = FriendsUITests;
			productReference = 57D7DA7A200A41C8005C215B /* FriendsUITests.xctest */;
			productType = "com.apple.product-type.bundle.ui-testing";
		};
/* End PBXNativeTarget section */

/* Begin PBXProject section */
		57D7DA57200A41C8005C215B /* Project object */ = {
			isa = PBXProject;
			attributes = {
				LastSwiftUpdateCheck = 0920;
				LastUpgradeCheck = 0920;
				ORGANIZATIONNAME = "Mohammed S A Kwaik";
				TargetAttributes = {
					57D7DA5E200A41C8005C215B = {
						CreatedOnToolsVersion = 9.2;
						ProvisioningStyle = Automatic;
					};
					57D7DA6E200A41C8005C215B = {
						CreatedOnToolsVersion = 9.2;
						ProvisioningStyle = Automatic;
						TestTargetID = 57D7DA5E200A41C8005C215B;
					};
					57D7DA79200A41C8005C215B = {
						CreatedOnToolsVersion = 9.2;
						ProvisioningStyle = Automatic;
						TestTargetID = 57D7DA5E200A41C8005C215B;
					};
				};
			};
			buildConfigurationList = 57D7DA5A200A41C8005C215B /* Build configuration list for PBXProject "Friends" */;
			compatibilityVersion = "Xcode 8.0";
			developmentRegion = en;
			hasScannedForEncodings = 0;
			knownRegions = (
				en,
				Base,
			);
			mainGroup = 57D7DA56200A41C8005C215B;
			productRefGroup = 57D7DA60200A41C8005C215B /* Products */;
			projectDirPath = "";
			projectRoot = "";
			targets = (
				57D7DA5E200A41C8005C215B /* Friends */,
				57D7DA6E200A41C8005C215B /* FriendsTests */,
				57D7DA79200A41C8005C215B /* FriendsUITests */,
			);
		};
/* End PBXProject section */

/* Begin PBXResourcesBuildPhase section */
		57D7DA5D200A41C8005C215B /* Resources */ = {
			isa = PBXResourcesBuildPhase;
			buildActionMask = 2147483647;
			files = (
				57D7DA65200A41C8005C215B /* Assets.xcassets in Resources */,
				57D7DA68200A41C8005C215B /* MainMenu.xib in Resources */,
			);
			runOnlyForDeploymentPostprocessing = 0;
		};
		57D7DA6D200A41C8005C215B /* Resources */ = {
			isa = PBXResourcesBuildPhase;
			buildActionMask = 2147483647;
			files = (
			);
			runOnlyForDeploymentPostprocessing = 0;
		};
		57D7DA78200A41C8005C215B /* Resources */ = {
			isa = PBXResourcesBuildPhase;
			buildActionMask = 2147483647;
			files = (
			);
			runOnlyForDeploymentPostprocessing = 0;
		};
/* End PBXResourcesBuildPhase section */

/* Begin PBXSourcesBuildPhase section */
		57D7DA5B200A41C8005C215B /* Sources */ = {
			isa = PBXSourcesBuildPhase;
			buildActionMask = 2147483647;
			files = (
				57D7DA63200A41C8005C215B /* AppDelegate.swift in Sources */,
			);
			runOnlyForDeploymentPostprocessing = 0;
		};
		57D7DA6B200A41C8005C215B /* Sources */ = {
			isa = PBXSourcesBuildPhase;
			buildActionMask = 2147483647;
			files = (
				57D7DA74200A41C8005C215B /* FriendsTests.swift in Sources */,
			);
			runOnlyForDeploymentPostprocessing = 0;
		};
		57D7DA76200A41C8005C215B /* Sources */ = {
			isa = PBXSourcesBuildPhase;
			buildActionMask = 2147483647;
			files = (
				57D7DA7F200A41C8005C215B /* FriendsUITests.swift in Sources */,
			);
			runOnlyForDeploymentPostprocessing = 0;
		};
/* End PBXSourcesBuildPhase section */

/* Begin PBXTargetDependency section */
		57D7DA71200A41C8005C215B /* PBXTargetDependency */ = {
			isa = PBXTargetDependency;
			target = 57D7DA5E200A41C8005C215B /* Friends */;
			targetProxy = 57D7DA70200A41C8005C215B /* PBXContainerItemProxy */;
		};
		57D7DA7C200A41C8005C215B /* PBXTargetDependency */ = {
			isa = PBXTargetDependency;
			target = 57D7DA5E200A41C8005C215B /* Friends */;
			targetProxy = 57D7DA7B200A41C8005C215B /* PBXContainerItemProxy */;
		};
/* End PBXTargetDependency section */

/* Begin PBXVariantGroup section */
		57D7DA66200A41C8005C215B /* MainMenu.xib */ = {
			isa = PBXVariantGroup;
			children = (
				57D7DA67200A41C8005C215B /* Base */,
			);
			name = MainMenu.xib;
			sourceTree = "<group>";
		};
/* End PBXVariantGroup section */

/* Begin XCBuildConfiguration section */
		57D7DA81200A41C8005C215B /* Debug */ = {
			isa = XCBuildConfiguration;
			buildSettings = {
				ALWAYS_SEARCH_USER_PATHS = NO;
				CLANG_ANALYZER_NONNULL = YES;
				CLANG_ANALYZER_NUMBER_OBJECT_CONVERSION = YES_AGGRESSIVE;
				CLANG_CXX_LANGUAGE_STANDARD = "gnu++14";
				CLANG_CXX_LIBRARY = "libc++";
				CLANG_ENABLE_MODULES = YES;
				CLANG_ENABLE_OBJC_ARC = YES;
				CLANG_WARN_BLOCK_CAPTURE_AUTORELEASING = YES;
				CLANG_WARN_BOOL_CONVERSION = YES;
				CLANG_WARN_COMMA = YES;
				CLANG_WARN_CONSTANT_CONVERSION = YES;
				CLANG_WARN_DIRECT_OBJC_ISA_USAGE = YES_ERROR;
				CLANG_WARN_DOCUMENTATION_COMMENTS = YES;
				CLANG_WARN_EMPTY_BODY = YES;
				CLANG_WARN_ENUM_CONVERSION = YES;
				CLANG_WARN_INFINITE_RECURSION = YES;
				CLANG_WARN_INT_CONVERSION = YES;
				CLANG_WARN_NON_LITERAL_NULL_CONVERSION = YES;
				CLANG_WARN_OBJC_LITERAL_CONVERSION = YES;
				CLANG_WARN_OBJC_ROOT_CLASS = YES_ERROR;
				CLANG_WARN_RANGE_LOOP_ANALYSIS = YES;
				CLANG_WARN_STRICT_PROTOTYPES = YES;
				CLANG_WARN_SUSPICIOUS_MOVE = YES;
				CLANG_WARN_UNGUARDED_AVAILABILITY = YES_AGGRESSIVE;
				CLANG_WARN_UNREACHABLE_CODE = YES;
				CLANG_WARN__DUPLICATE_METHOD_MATCH = YES;
				CODE_SIGN_IDENTITY = "Mac Developer";
				COPY_PHASE_STRIP = NO;
				DEBUG_INFORMATION_FORMAT = dwarf;
				ENABLE_STRICT_OBJC_MSGSEND = YES;
				ENABLE_TESTABILITY = YES;
				GCC_C_LANGUAGE_STANDARD = gnu11;
				GCC_DYNAMIC_NO_PIC = NO;
				GCC_NO_COMMON_BLOCKS = YES;
				GCC_OPTIMIZATION_LEVEL = 0;
				GCC_PREPROCESSOR_DEFINITIONS = (
					"DEBUG=1",
					"$(inherited)",
				);
				GCC_WARN_64_TO_32_BIT_CONVERSION = YES;
				GCC_WARN_ABOUT_RETURN_TYPE = YES_ERROR;
				GCC_WARN_UNDECLARED_SELECTOR = YES;
				GCC_WARN_UNINITIALIZED_AUTOS = YES_AGGRESSIVE;
				GCC_WARN_UNUSED_FUNCTION = YES;
				GCC_WARN_UNUSED_VARIABLE = YES;
				MACOSX_DEPLOYMENT_TARGET = 10.13;
				MTL_ENABLE_DEBUG_INFO = YES;
				ONLY_ACTIVE_ARCH = YES;
				SDKROOT = macosx;
				SWIFT_ACTIVE_COMPILATION_CONDITIONS = DEBUG;
				SWIFT_OPTIMIZATION_LEVEL = "-Onone";
			};
			name = Debug;
		};
		57D7DA82200A41C8005C215B /* Release */ = {
			isa = XCBuildConfiguration;
			buildSettings = {
				ALWAYS_SEARCH_USER_PATHS = NO;
				CLANG_ANALYZER_NONNULL = YES;
				CLANG_ANALYZER_NUMBER_OBJECT_CONVERSION = YES_AGGRESSIVE;
				CLANG_CXX_LANGUAGE_STANDARD = "gnu++14";
				CLANG_CXX_LIBRARY = "libc++";
				CLANG_ENABLE_MODULES = YES;
				CLANG_ENABLE_OBJC_ARC = YES;
				CLANG_WARN_BLOCK_CAPTURE_AUTORELEASING = YES;
				CLANG_WARN_BOOL_CONVERSION = YES;
				CLANG_WARN_COMMA = YES;
				CLANG_WARN_CONSTANT_CONVERSION = YES;
				CLANG_WARN_DIRECT_OBJC_ISA_USAGE = YES_ERROR;
				CLANG_WARN_DOCUMENTATION_COMMENTS = YES;
				CLANG_WARN_EMPTY_BODY = YES;
				CLANG_WARN_ENUM_CONVERSION = YES;
				CLANG_WARN_INFINITE_RECURSION = YES;
				CLANG_WARN_INT_CONVERSION = YES;
				CLANG_WARN_NON_LITERAL_NULL_CONVERSION = YES;
				CLANG_WARN_OBJC_LITERAL_CONVERSION = YES;
				CLANG_WARN_OBJC_ROOT_CLASS = YES_ERROR;
				CLANG_WARN_RANGE_LOOP_ANALYSIS = YES;
				CLANG_WARN_STRICT_PROTOTYPES = YES;
				CLANG_WARN_SUSPICIOUS_MOVE = YES;
				CLANG_WARN_UNGUARDED_AVAILABILITY = YES_AGGRESSIVE;
				CLANG_WARN_UNREACHABLE_CODE = YES;
				CLANG_WARN__DUPLICATE_METHOD_MATCH = YES;
				CODE_SIGN_IDENTITY = "Mac Developer";
				COPY_PHASE_STRIP = NO;
				DEBUG_INFORMATION_FORMAT = "dwarf-with-dsym";
				ENABLE_NS_ASSERTIONS = NO;
				ENABLE_STRICT_OBJC_MSGSEND = YES;
				GCC_C_LANGUAGE_STANDARD = gnu11;
				GCC_NO_COMMON_BLOCKS = YES;
				GCC_WARN_64_TO_32_BIT_CONVERSION = YES;
				GCC_WARN_ABOUT_RETURN_TYPE = YES_ERROR;
				GCC_WARN_UNDECLARED_SELECTOR = YES;
				GCC_WARN_UNINITIALIZED_AUTOS = YES_AGGRESSIVE;
				GCC_WARN_UNUSED_FUNCTION = YES;
				GCC_WARN_UNUSED_VARIABLE = YES;
				MACOSX_DEPLOYMENT_TARGET = 10.13;
				MTL_ENABLE_DEBUG_INFO = NO;
				SDKROOT = macosx;
				SWIFT_OPTIMIZATION_LEVEL = "-Owholemodule";
			};
			name = Release;
		};
		57D7DA84200A41C8005C215B /* Debug */ = {
			isa = XCBuildConfiguration;
			buildSettings = {
				ASSETCATALOG_COMPILER_APPICON_NAME = AppIcon;
				CODE_SIGN_ENTITLEMENTS = Friends/Friends.entitlements;
				CODE_SIGN_STYLE = Automatic;
				COMBINE_HIDPI_IMAGES = YES;
				DEVELOPMENT_TEAM = LL3GY2T8JQ;
				INFOPLIST_FILE = Friends/Info.plist;
				LD_RUNPATH_SEARCH_PATHS = "$(inherited) @executable_path/../Frameworks";
				PRODUCT_BUNDLE_IDENTIFIER = com.msabukwaik.Friends;
				PRODUCT_NAME = "$(TARGET_NAME)";
				SWIFT_VERSION = 4.0;
			};
			name = Debug;
		};
		57D7DA85200A41C8005C215B /* Release */ = {
			isa = XCBuildConfiguration;
			buildSettings = {
				ASSETCATALOG_COMPILER_APPICON_NAME = AppIcon;
				CODE_SIGN_ENTITLEMENTS = Friends/Friends.entitlements;
				CODE_SIGN_STYLE = Automatic;
				COMBINE_HIDPI_IMAGES = YES;
				DEVELOPMENT_TEAM = LL3GY2T8JQ;
				INFOPLIST_FILE = Friends/Info.plist;
				LD_RUNPATH_SEARCH_PATHS = "$(inherited) @executable_path/../Frameworks";
				PRODUCT_BUNDLE_IDENTIFIER = com.msabukwaik.Friends;
				PRODUCT_NAME = "$(TARGET_NAME)";
				SWIFT_VERSION = 4.0;
			};
			name = Release;
		};
		57D7DA87200A41C8005C215B /* Debug */ = {
			isa = XCBuildConfiguration;
			buildSettings = {
				ALWAYS_EMBED_SWIFT_STANDARD_LIBRARIES = YES;
				BUNDLE_LOADER = "$(TEST_HOST)";
				CODE_SIGN_STYLE = Automatic;
				COMBINE_HIDPI_IMAGES = YES;
				DEVELOPMENT_TEAM = LL3GY2T8JQ;
				INFOPLIST_FILE = FriendsTests/Info.plist;
				LD_RUNPATH_SEARCH_PATHS = "$(inherited) @executable_path/../Frameworks @loader_path/../Frameworks";
				PRODUCT_BUNDLE_IDENTIFIER = com.msabukwaik.FriendsTests;
				PRODUCT_NAME = "$(TARGET_NAME)";
				SWIFT_VERSION = 4.0;
				TEST_HOST = "$(BUILT_PRODUCTS_DIR)/Friends.app/Contents/MacOS/Friends";
			};
			name = Debug;
		};
		57D7DA88200A41C8005C215B /* Release */ = {
			isa = XCBuildConfiguration;
			buildSettings = {
				ALWAYS_EMBED_SWIFT_STANDARD_LIBRARIES = YES;
				BUNDLE_LOADER = "$(TEST_HOST)";
				CODE_SIGN_STYLE = Automatic;
				COMBINE_HIDPI_IMAGES = YES;
				DEVELOPMENT_TEAM = LL3GY2T8JQ;
				INFOPLIST_FILE = FriendsTests/Info.plist;
				LD_RUNPATH_SEARCH_PATHS = "$(inherited) @executable_path/../Frameworks @loader_path/../Frameworks";
				PRODUCT_BUNDLE_IDENTIFIER = com.msabukwaik.FriendsTests;
				PRODUCT_NAME = "$(TARGET_NAME)";
				SWIFT_VERSION = 4.0;
				TEST_HOST = "$(BUILT_PRODUCTS_DIR)/Friends.app/Contents/MacOS/Friends";
			};
			name = Release;
		};
		57D7DA8A200A41C8005C215B /* Debug */ = {
			isa = XCBuildConfiguration;
			buildSettings = {
				ALWAYS_EMBED_SWIFT_STANDARD_LIBRARIES = YES;
				CODE_SIGN_STYLE = Automatic;
				COMBINE_HIDPI_IMAGES = YES;
				DEVELOPMENT_TEAM = LL3GY2T8JQ;
				INFOPLIST_FILE = FriendsUITests/Info.plist;
				LD_RUNPATH_SEARCH_PATHS = "$(inherited) @executable_path/../Frameworks @loader_path/../Frameworks";
				PRODUCT_BUNDLE_IDENTIFIER = com.msabukwaik.FriendsUITests;
				PRODUCT_NAME = "$(TARGET_NAME)";
				SWIFT_VERSION = 4.0;
				TEST_TARGET_NAME = Friends;
			};
			name = Debug;
		};
		57D7DA8B200A41C8005C215B /* Release */ = {
			isa = XCBuildConfiguration;
			buildSettings = {
				ALWAYS_EMBED_SWIFT_STANDARD_LIBRARIES = YES;
				CODE_SIGN_STYLE = Automatic;
				COMBINE_HIDPI_IMAGES = YES;
				DEVELOPMENT_TEAM = LL3GY2T8JQ;
				INFOPLIST_FILE = FriendsUITests/Info.plist;
				LD_RUNPATH_SEARCH_PATHS = "$(inherited) @executable_path/../Frameworks @loader_path/../Frameworks";
				PRODUCT_BUNDLE_IDENTIFIER = com.msabukwaik.FriendsUITests;
				PRODUCT_NAME = "$(TARGET_NAME)";
				SWIFT_VERSION = 4.0;
				TEST_TARGET_NAME = Friends;
			};
			name = Release;
		};
/* End XCBuildConfiguration section */

/* Begin XCConfigurationList section */
		57D7DA5A200A41C8005C215B /* Build configuration list for PBXProject "Friends" */ = {
			isa = XCConfigurationList;
			buildConfigurations = (
				57D7DA81200A41C8005C215B /* Debug */,
				57D7DA82200A41C8005C215B /* Release */,
			);
			defaultConfigurationIsVisible = 0;
			defaultConfigurationName = Release;
		};
		57D7DA83200A41C8005C215B /* Build configuration list for PBXNativeTarget "Friends" */ = {
			isa = XCConfigurationList;
			buildConfigurations = (
				57D7DA84200A41C8005C215B /* Debug */,
				57D7DA85200A41C8005C215B /* Release */,
			);
			defaultConfigurationIsVisible = 0;
			defaultConfigurationName = Release;
		};
		57D7DA86200A41C8005C215B /* Build configuration list for PBXNativeTarget "FriendsTests" */ = {
			isa = XCConfigurationList;
			buildConfigurations = (
				57D7DA87200A41C8005C215B /* Debug */,
				57D7DA88200A41C8005C215B /* Release */,
			);
			defaultConfigurationIsVisible = 0;
			defaultConfigurationName = Release;
		};
		57D7DA89200A41C8005C215B /* Build configuration list for PBXNativeTarget "FriendsUITests" */ = {
			isa = XCConfigurationList;
			buildConfigurations = (
				57D7DA8A200A41C8005C215B /* Debug */,
				57D7DA8B200A41C8005C215B /* Release */,
			);
			defaultConfigurationIsVisible = 0;
			defaultConfigurationName = Release;
		};
/* End XCConfigurationList section */
	};
	rootObject = 57D7DA57200A41C8005C215B /* Project object */;
}
